
Microsoft Visual Studio Solution File, Format Version 12.00
# Visual Studio 14
VisualStudioVersion = 14.0.25123.0
MinimumVisualStudioVersion = 10.0.40219.1
Project("{FAE04EC0-301F-11D3-BF4B-00C04F79EFBC}") = "Facebook Message Analyzer", "Facebook Message Analyzer\Facebook Message Analyzer.csproj", "{D1A82E08-453A-44C0-B4B6-23BFD80AD8DE}"
EndProject
Global
	GlobalSection(SolutionConfigurationPlatforms) = preSolution
		Debug|Any CPU = Debug|Any CPU
		Release|Any CPU = Release|Any CPU
	EndGlobalSection
	GlobalSection(ProjectConfigurationPlatforms) = postSolution
		{D1A82E08-453A-44C0-B4B6-23BFD80AD8DE}.Debug|Any CPU.ActiveCfg = Debug|Any CPU
		{D1A82E08-453A-44C0-B4B6-23BFD80AD8DE}.Debug|Any CPU.Build.0 = Debug|Any CPU
		{D1A82E08-453A-44C0-B4B6-23BFD80AD8DE}.Release|Any CPU.ActiveCfg = Release|Any CPU
		{D1A82E08-453A-44C0-B4B6-23BFD80AD8DE}.Release|Any CPU.Build.0 = Release|Any CPU
	EndGlobalSection
	GlobalSection(SolutionProperties) = preSolution
		HideSolutionNode = FALSE
	EndGlobalSection
EndGlobal
